
Microsoft Visual Studio Solution File, Format Version 12.00
# Visual Studio Version 17
VisualStudioVersion = 17.9.34622.214
MinimumVisualStudioVersion = 10.0.40219.1
Project("{FAE04EC0-301F-11D3-BF4B-00C04F79EFBC}") = "приклади пр1 ООП", "приклади пр1 ООП\приклади пр1 ООП.csproj", "{D5B9AB11-3009-4C19-818C-424F08F0FD5B}"
EndProject
Global
	GlobalSection(SolutionConfigurationPlatforms) = preSolution
		Debug|Any CPU = Debug|Any CPU
		Release|Any CPU = Release|Any CPU
	EndGlobalSection
	GlobalSection(ProjectConfigurationPlatforms) = postSolution
		{D5B9AB11-3009-4C19-818C-424F08F0FD5B}.Debug|Any CPU.ActiveCfg = Debug|Any CPU
		{D5B9AB11-3009-4C19-818C-424F08F0FD5B}.Debug|Any CPU.Build.0 = Debug|Any CPU
		{D5B9AB11-3009-4C19-818C-424F08F0FD5B}.Release|Any CPU.ActiveCfg = Release|Any CPU
		{D5B9AB11-3009-4C19-818C-424F08F0FD5B}.Release|Any CPU.Build.0 = Release|Any CPU
	EndGlobalSection
	GlobalSection(SolutionProperties) = preSolution
		HideSolutionNode = FALSE
	EndGlobalSection
	GlobalSection(ExtensibilityGlobals) = postSolution
		SolutionGuid = {492AF844-7B40-485E-9514-CFA5F64E4BF0}
	EndGlobalSection
EndGlobal
